{
  "originHash" : "c51adba7e2e66d7a28e00bc303632231781f26681c76f918b8a396b4e8e04b57",
  "pins" : [
    {
      "identity" : "appupdater",
      "kind" : "remoteSourceControl",
      "location" : "https://github.com/mxcl/AppUpdater.git",
      "state" : {
        "revision" : "685dff9ee6f86c79f7481379d6bd48a39b4452f7",
        "version" : "4.2.0"
      }
    },
    {
      "identity" : "version",
      "kind" : "remoteSourceControl",
      "location" : "https://github.com/mxcl/Version",
      "state" : {
        "revision" : "3043fcd2a50375db76d89ff206a612471833d1c2",
        "version" : "2.2.1"
      }
    }
  ],
  "version" : 3
}
